
Microsoft Visual Studio Solution File, Format Version 12.00
# Visual Studio Version 16
VisualStudioVersion = 16.0.30104.148
MinimumVisualStudioVersion = 10.0.40219.1
Project("{9A19103F-16F7-4668-BE54-9A1E7A4F7556}") = "SqlMigrationRunner", "SqlMigrationRunner.csproj", "{FBBC4B7B-9501-46EB-B00E-1D5E0893966B}"
EndProject
Global
	GlobalSection(SolutionConfigurationPlatforms) = preSolution
		Debug|Any CPU = Debug|Any CPU
		Release|Any CPU = Release|Any CPU
	EndGlobalSection
	GlobalSection(ProjectConfigurationPlatforms) = postSolution
		{FBBC4B7B-9501-46EB-B00E-1D5E0893966B}.Debug|Any CPU.ActiveCfg = Debug|Any CPU
		{FBBC4B7B-9501-46EB-B00E-1D5E0893966B}.Debug|Any CPU.Build.0 = Debug|Any CPU
		{FBBC4B7B-9501-46EB-B00E-1D5E0893966B}.Release|Any CPU.ActiveCfg = Release|Any CPU
		{FBBC4B7B-9501-46EB-B00E-1D5E0893966B}.Release|Any CPU.Build.0 = Release|Any CPU
	EndGlobalSection
	GlobalSection(SolutionProperties) = preSolution
		HideSolutionNode = FALSE
	EndGlobalSection
	GlobalSection(ExtensibilityGlobals) = postSolution
		SolutionGuid = {FE4C2BDA-7002-4729-9413-E70E96E70BEE}
	EndGlobalSection
EndGlobal
